PODS:
  - EmptyDataSet-Swift (5.0.0)
  - Mantis (0.52)
  - PMSuperButton (3.0.2)
  - SwiftPhotoGallery (3.4.1)

DEPENDENCIES:
  - EmptyDataSet-Swift (~> 5.0.0)
  - Mantis (~> 0.28)
  - PMSuperButton
  - SwiftPhotoGallery

SPEC REPOS:
  trunk:
    - EmptyDataSet-Swift
    - Mantis
    - PMSuperButton
    - SwiftPhotoGallery

SPEC CHECKSUMS:
  EmptyDataSet-Swift: eb382c0c87a2d9c678077385a595cec52da38171
  Mantis: 0fb7056ad8fbe61e0c195b483d73591a06bcae09
  PMSuperButton: 72105fef415890c8792a9e5a784f75c461066f8b
  SwiftPhotoGallery: 795b79e2596beb160fb978e232603da0811006ce

PODFILE CHECKSUM: 6fa15b2b5501ca7fb32efb76eec160c29c246f5a

COCOAPODS: 1.9.1
