// !$*UTF8*$!
{
	archiveVersion = 1;
	classes = {
	};
	objectVersion = 51;
	objects = {

/* Begin PBXBuildFile section */
		A0F9627612159FB01A047D09 /* Pods_photoLibrary.framework in Frameworks */ = {isa = PBXBuildFile; fileRef = 0D1769BBABB14D5B9AEB0792 /* Pods_photoLibrary.framework */; };
		FF8FC36B2459BEF2002A39D1 /* AppDelegate.swift in Sources */ = {isa = PBXBuildFile; fileRef = FF8FC36A2459BEF2002A39D1 /* AppDelegate.swift */; };
		FF8FC36D2459BEF2002A39D1 /* SceneDelegate.swift in Sources */ = {isa = PBXBuildFile; fileRef = FF8FC36C2459BEF2002A39D1 /* SceneDelegate.swift */; };
		FF8FC36F2459BEF2002A39D1 /* ViewController.swift in Sources */ = {isa = PBXBuildFile; fileRef = FF8FC36E2459BEF2002A39D1 /* ViewController.swift */; };
		FF8FC3722459BEF2002A39D1 /* Main.storyboard in Resources */ = {isa = PBXBuildFile; fileRef = FF8FC3702459BEF2002A39D1 /* Main.storyboard */; };
		FF8FC3752459BEF2002A39D1 /* photoLibrary.xcdatamodeld in Sources */ = {isa = PBXBuildFile; fileRef = FF8FC3732459BEF2002A39D1 /* photoLibrary.xcdatamodeld */; };
		FF8FC3772459BEF2002A39D1 /* Assets.xcassets in Resources */ = {isa = PBXBuildFile; fileRef = FF8FC3762459BEF2002A39D1 /* Assets.xcassets */; };
		FF8FC37A2459BEF2002A39D1 /* LaunchScreen.storyboard in Resources */ = {isa = PBXBuildFile; fileRef = FF8FC3782459BEF2002A39D1 /* LaunchScreen.storyboard */; };
		FF8FC3832459C067002A39D1 /* CollectionViewCell.swift in Sources */ = {isa = PBXBuildFile; fileRef = FF8FC3812459C067002A39D1 /* CollectionViewCell.swift */; };
		FF8FC3842459C067002A39D1 /* CollectionViewCell.xib in Resources */ = {isa = PBXBuildFile; fileRef = FF8FC3822459C067002A39D1 /* CollectionViewCell.xib */; };
		FF9277A42460588100EB7E70 /* CustomView.swift in Sources */ = {isa = PBXBuildFile; fileRef = FF9277A32460588100EB7E70 /* CustomView.swift */; };
		FF9277A624605A1000EB7E70 /* CustomView.xib in Resources */ = {isa = PBXBuildFile; fileRef = FF9277A524605A1000EB7E70 /* CustomView.xib */; };
/* End PBXBuildFile section */

/* Begin PBXFileReference section */
		0D1769BBABB14D5B9AEB0792 /* Pods_photoLibrary.framework */ = {isa = PBXFileReference; explicitFileType = wrapper.framework; includeInIndex = 0; path = Pods_photoLibrary.framework; sourceTree = BUILT_PRODUCTS_DIR; };
		15C5551B1BE8F13958A961E0 /* Pods-photoLibrary.debug.xcconfig */ = {isa = PBXFileReference; includeInIndex = 1; lastKnownFileType = text.xcconfig; name = "Pods-photoLibrary.debug.xcconfig"; path = "Target Support Files/Pods-photoLibrary/Pods-photoLibrary.debug.xcconfig"; sourceTree = "<group>"; };
		EC0B75FA6528E2227A3A583C /* Pods-photoLibrary.release.xcconfig */ = {isa = PBXFileReference; includeInIndex = 1; lastKnownFileType = text.xcconfig; name = "Pods-photoLibrary.release.xcconfig"; path = "Target Support Files/Pods-photoLibrary/Pods-photoLibrary.release.xcconfig"; sourceTree = "<group>"; };
		FF8FC3672459BEF2002A39D1 /* photoLibrary.app */ = {isa = PBXFileReference; explicitFileType = wrapper.application; includeInIndex = 0; path = photoLibrary.app; sourceTree = BUILT_PRODUCTS_DIR; };
		FF8FC36A2459BEF2002A39D1 /* AppDelegate.swift */ = {isa = PBXFileReference; lastKnownFileType = sourcecode.swift; path = AppDelegate.swift; sourceTree = "<group>"; };
		FF8FC36C2459BEF2002A39D1 /* SceneDelegate.swift */ = {isa = PBXFileReference; lastKnownFileType = sourcecode.swift; path = SceneDelegate.swift; sourceTree = "<group>"; };
		FF8FC36E2459BEF2002A39D1 /* ViewController.swift */ = {isa = PBXFileReference; lastKnownFileType = sourcecode.swift; path = ViewController.swift; sourceTree = "<group>"; };
		FF8FC3712459BEF2002A39D1 /* Base */ = {isa = PBXFileReference; lastKnownFileType = file.storyboard; name = Base; path = Base.lproj/Main.storyboard; sourceTree = "<group>"; };
		FF8FC3742459BEF2002A39D1 /* photoLibrary.xcdatamodel */ = {isa = PBXFileReference; lastKnownFileType = wrapper.xcdatamodel; path = photoLibrary.xcdatamodel; sourceTree = "<group>"; };
		FF8FC3762459BEF2002A39D1 /* Assets.xcassets */ = {isa = PBXFileReference; lastKnownFileType = folder.assetcatalog; path = Assets.xcassets; sourceTree = "<group>"; };
		FF8FC3792459BEF2002A39D1 /* Base */ = {isa = PBXFileReference; lastKnownFileType = file.storyboard; name = Base; path = Base.lproj/LaunchScreen.storyboard; sourceTree = "<group>"; };
		FF8FC37B2459BEF2002A39D1 /* Info.plist */ = {isa = PBXFileReference; lastKnownFileType = text.plist.xml; path = Info.plist; sourceTree = "<group>"; };
		FF8FC3812459C067002A39D1 /* CollectionViewCell.swift */ = {isa = PBXFileReference; lastKnownFileType = sourcecode.swift; path = CollectionViewCell.swift; sourceTree = "<group>"; };
		FF8FC3822459C067002A39D1 /* CollectionViewCell.xib */ = {isa = PBXFileReference; lastKnownFileType = file.xib; path = CollectionViewCell.xib; sourceTree = "<group>"; };
		FF9277A32460588100EB7E70 /* CustomView.swift */ = {isa = PBXFileReference; lastKnownFileType = sourcecode.swift; path = CustomView.swift; sourceTree = "<group>"; };
		FF9277A524605A1000EB7E70 /* CustomView.xib */ = {isa = PBXFileReference; lastKnownFileType = file.xib; path = CustomView.xib; sourceTree = "<group>"; };
/* End PBXFileReference section */

/* Begin PBXFrameworksBuildPhase section */
		FF8FC3642459BEF2002A39D1 /* Frameworks */ = {
			isa = PBXFrameworksBuildPhase;
			buildActionMask = 2147483647;
			files = (
				A0F9627612159FB01A047D09 /* Pods_photoLibrary.framework in Frameworks */,
			);
			runOnlyForDeploymentPostprocessing = 0;
		};
/* End PBXFrameworksBuildPhase section */

/* Begin PBXGroup section */
		92441D2CB1DCCE10660C5B08 /* Pods */ = {
			isa = PBXGroup;
			children = (
				15C5551B1BE8F13958A961E0 /* Pods-photoLibrary.debug.xcconfig */,
				EC0B75FA6528E2227A3A583C /* Pods-photoLibrary.release.xcconfig */,
			);
			path = Pods;
			sourceTree = "<group>";
		};
		A254904A6367326A1DECA484 /* Frameworks */ = {
			isa = PBXGroup;
			children = (
				0D1769BBABB14D5B9AEB0792 /* Pods_photoLibrary.framework */,
			);
			name = Frameworks;
			sourceTree = "<group>";
		};
		FF8FC35E2459BEF2002A39D1 = {
			isa = PBXGroup;
			children = (
				FF8FC3692459BEF2002A39D1 /* photoLibrary */,
				FF8FC3682459BEF2002A39D1 /* Products */,
				92441D2CB1DCCE10660C5B08 /* Pods */,
				A254904A6367326A1DECA484 /* Frameworks */,
			);
			sourceTree = "<group>";
		};
		FF8FC3682459BEF2002A39D1 /* Products */ = {
			isa = PBXGroup;
			children = (
				FF8FC3672459BEF2002A39D1 /* photoLibrary.app */,
			);
			name = Products;
			sourceTree = "<group>";
		};
		FF8FC3692459BEF2002A39D1 /* photoLibrary */ = {
			isa = PBXGroup;
			children = (
				FF8FC36A2459BEF2002A39D1 /* AppDelegate.swift */,
				FF8FC36C2459BEF2002A39D1 /* SceneDelegate.swift */,
				FF8FC36E2459BEF2002A39D1 /* ViewController.swift */,
				FF8FC3812459C067002A39D1 /* CollectionViewCell.swift */,
				FF8FC3822459C067002A39D1 /* CollectionViewCell.xib */,
				FF8FC3702459BEF2002A39D1 /* Main.storyboard */,
				FF9277A32460588100EB7E70 /* CustomView.swift */,
				FF9277A524605A1000EB7E70 /* CustomView.xib */,
				FF8FC3762459BEF2002A39D1 /* Assets.xcassets */,
				FF8FC3782459BEF2002A39D1 /* LaunchScreen.storyboard */,
				FF8FC37B2459BEF2002A39D1 /* Info.plist */,
				FF8FC3732459BEF2002A39D1 /* photoLibrary.xcdatamodeld */,
			);
			path = photoLibrary;
			sourceTree = "<group>";
		};
/* End PBXGroup section */

/* Begin PBXNativeTarget section */
		FF8FC3662459BEF2002A39D1 /* photoLibrary */ = {
			isa = PBXNativeTarget;
			buildConfigurationList = FF8FC37E2459BEF2002A39D1 /* Build configuration list for PBXNativeTarget "photoLibrary" */;
			buildPhases = (
				02D000E4145D6366B3179203 /* [CP] Check Pods Manifest.lock */,
				FF8FC3632459BEF2002A39D1 /* Sources */,
				FF8FC3642459BEF2002A39D1 /* Frameworks */,
				FF8FC3652459BEF2002A39D1 /* Resources */,
				3D21D384FC37B08B6EDB3F62 /* [CP] Embed Pods Frameworks */,
			);
			buildRules = (
			);
			dependencies = (
			);
			name = photoLibrary;
			productName = photoLibrary;
			productReference = FF8FC3672459BEF2002A39D1 /* photoLibrary.app */;
			productType = "com.apple.product-type.application";
		};
/* End PBXNativeTarget section */

/* Begin PBXProject section */
		FF8FC35F2459BEF2002A39D1 /* Project object */ = {
			isa = PBXProject;
			attributes = {
				LastSwiftUpdateCheck = 1140;
				LastUpgradeCheck = 1140;
				ORGANIZATIONNAME = "이진하";
				TargetAttributes = {
					FF8FC3662459BEF2002A39D1 = {
						CreatedOnToolsVersion = 11.4.1;
					};
				};
			};
			buildConfigurationList = FF8FC3622459BEF2002A39D1 /* Build configuration list for PBXProject "photoLibrary" */;
			compatibilityVersion = "Xcode 9.3";
			developmentRegion = en;
			hasScannedForEncodings = 0;
			knownRegions = (
				en,
				Base,
			);
			mainGroup = FF8FC35E2459BEF2002A39D1;
			productRefGroup = FF8FC3682459BEF2002A39D1 /* Products */;
			projectDirPath = "";
			projectRoot = "";
			targets = (
				FF8FC3662459BEF2002A39D1 /* photoLibrary */,
			);
		};
/* End PBXProject section */

/* Begin PBXResourcesBuildPhase section */
		FF8FC3652459BEF2002A39D1 /* Resources */ = {
			isa = PBXResourcesBuildPhase;
			buildActionMask = 2147483647;
			files = (
				FF8FC37A2459BEF2002A39D1 /* LaunchScreen.storyboard in Resources */,
				FF9277A624605A1000EB7E70 /* CustomView.xib in Resources */,
				FF8FC3772459BEF2002A39D1 /* Assets.xcassets in Resources */,
				FF8FC3842459C067002A39D1 /* CollectionViewCell.xib in Resources */,
				FF8FC3722459BEF2002A39D1 /* Main.storyboard in Resources */,
			);
			runOnlyForDeploymentPostprocessing = 0;
		};
/* End PBXResourcesBuildPhase section */

/* Begin PBXShellScriptBuildPhase section */
		02D000E4145D6366B3179203 /* [CP] Check Pods Manifest.lock */ = {
			isa = PBXShellScriptBuildPhase;
			buildActionMask = 2147483647;
			files = (
			);
			inputFileListPaths = (
			);
			inputPaths = (
				"${PODS_PODFILE_DIR_PATH}/Podfile.lock",
				"${PODS_ROOT}/Manifest.lock",
			);
			name = "[CP] Check Pods Manifest.lock";
			outputFileListPaths = (
			);
			outputPaths = (
				"$(DERIVED_FILE_DIR)/Pods-photoLibrary-checkManifestLockResult.txt",
			);
			runOnlyForDeploymentPostprocessing = 0;
			shellPath = /bin/sh;
			shellScript = "diff \"${PODS_PODFILE_DIR_PATH}/Podfile.lock\" \"${PODS_ROOT}/Manifest.lock\" > /dev/null\nif [ $? != 0 ] ; then\n    # print error to STDERR\n    echo \"error: The sandbox is not in sync with the Podfile.lock. Run 'pod install' or update your CocoaPods installation.\" >&2\n    exit 1\nfi\n# This output is used by Xcode 'outputs' to avoid re-running this script phase.\necho \"SUCCESS\" > \"${SCRIPT_OUTPUT_FILE_0}\"\n";
			showEnvVarsInLog = 0;
		};
		3D21D384FC37B08B6EDB3F62 /* [CP] Embed Pods Frameworks */ = {
			isa = PBXShellScriptBuildPhase;
			buildActionMask = 2147483647;
			files = (
			);
			inputFileListPaths = (
				"${PODS_ROOT}/Target Support Files/Pods-photoLibrary/Pods-photoLibrary-frameworks-${CONFIGURATION}-input-files.xcfilelist",
			);
			name = "[CP] Embed Pods Frameworks";
			outputFileListPaths = (
				"${PODS_ROOT}/Target Support Files/Pods-photoLibrary/Pods-photoLibrary-frameworks-${CONFIGURATION}-output-files.xcfilelist",
			);
			runOnlyForDeploymentPostprocessing = 0;
			shellPath = /bin/sh;
			shellScript = "\"${PODS_ROOT}/Target Support Files/Pods-photoLibrary/Pods-photoLibrary-frameworks.sh\"\n";
			showEnvVarsInLog = 0;
		};
/* End PBXShellScriptBuildPhase section */

/* Begin PBXSourcesBuildPhase section */
		FF8FC3632459BEF2002A39D1 /* Sources */ = {
			isa = PBXSourcesBuildPhase;
			buildActionMask = 2147483647;
			files = (
				FF8FC3832459C067002A39D1 /* CollectionViewCell.swift in Sources */,
				FF8FC3752459BEF2002A39D1 /* photoLibrary.xcdatamodeld in Sources */,
				FF8FC36F2459BEF2002A39D1 /* ViewController.swift in Sources */,
				FF9277A42460588100EB7E70 /* CustomView.swift in Sources */,
				FF8FC36B2459BEF2002A39D1 /* AppDelegate.swift in Sources */,
				FF8FC36D2459BEF2002A39D1 /* SceneDelegate.swift in Sources */,
			);
			runOnlyForDeploymentPostprocessing = 0;
		};
/* End PBXSourcesBuildPhase section */

/* Begin PBXVariantGroup section */
		FF8FC3702459BEF2002A39D1 /* Main.storyboard */ = {
			isa = PBXVariantGroup;
			children = (
				FF8FC3712459BEF2002A39D1 /* Base */,
			);
			name = Main.storyboard;
			sourceTree = "<group>";
		};
		FF8FC3782459BEF2002A39D1 /* LaunchScreen.storyboard */ = {
			isa = PBXVariantGroup;
			children = (
				FF8FC3792459BEF2002A39D1 /* Base */,
			);
			name = LaunchScreen.storyboard;
			sourceTree = "<group>";
		};
/* End PBXVariantGroup section */

/* Begin XCBuildConfiguration section */
		FF8FC37C2459BEF2002A39D1 /* Debug */ = {
			isa = XCBuildConfiguration;
			buildSettings = {
				ALWAYS_SEARCH_USER_PATHS = NO;
				CLANG_ANALYZER_NONNULL = YES;
				CLANG_ANALYZER_NUMBER_OBJECT_CONVERSION = YES_AGGRESSIVE;
				CLANG_CXX_LANGUAGE_STANDARD = "gnu++14";
				CLANG_CXX_LIBRARY = "libc++";
				CLANG_ENABLE_MODULES = YES;
				CLANG_ENABLE_OBJC_ARC = YES;
				CLANG_ENABLE_OBJC_WEAK = YES;
				CLANG_WARN_BLOCK_CAPTURE_AUTORELEASING = YES;
				CLANG_WARN_BOOL_CONVERSION = YES;
				CLANG_WARN_COMMA = YES;
				CLANG_WARN_CONSTANT_CONVERSION = YES;
				CLANG_WARN_DEPRECATED_OBJC_IMPLEMENTATIONS = YES;
				CLANG_WARN_DIRECT_OBJC_ISA_USAGE = YES_ERROR;
				CLANG_WARN_DOCUMENTATION_COMMENTS = YES;
				CLANG_WARN_EMPTY_BODY = YES;
				CLANG_WARN_ENUM_CONVERSION = YES;
				CLANG_WARN_INFINITE_RECURSION = YES;
				CLANG_WARN_INT_CONVERSION = YES;
				CLANG_WARN_NON_LITERAL_NULL_CONVERSION = YES;
				CLANG_WARN_OBJC_IMPLICIT_RETAIN_SELF = YES;
				CLANG_WARN_OBJC_LITERAL_CONVERSION = YES;
				CLANG_WARN_OBJC_ROOT_CLASS = YES_ERROR;
				CLANG_WARN_RANGE_LOOP_ANALYSIS = YES;
				CLANG_WARN_STRICT_PROTOTYPES = YES;
				CLANG_WARN_SUSPICIOUS_MOVE = YES;
				CLANG_WARN_UNGUARDED_AVAILABILITY = YES_AGGRESSIVE;
				CLANG_WARN_UNREACHABLE_CODE = YES;
				CLANG_WARN__DUPLICATE_METHOD_MATCH = YES;
				COPY_PHASE_STRIP = NO;
				DEBUG_INFORMATION_FORMAT = dwarf;
				ENABLE_STRICT_OBJC_MSGSEND = YES;
				ENABLE_TESTABILITY = YES;
				GCC_C_LANGUAGE_STANDARD = gnu11;
				GCC_DYNAMIC_NO_PIC = NO;
				GCC_NO_COMMON_BLOCKS = YES;
				GCC_OPTIMIZATION_LEVEL = 0;
				GCC_PREPROCESSOR_DEFINITIONS = (
					"DEBUG=1",
					"$(inherited)",
				);
				GCC_WARN_64_TO_32_BIT_CONVERSION = YES;
				GCC_WARN_ABOUT_RETURN_TYPE = YES_ERROR;
				GCC_WARN_UNDECLARED_SELECTOR = YES;
				GCC_WARN_UNINITIALIZED_AUTOS = YES_AGGRESSIVE;
				GCC_WARN_UNUSED_FUNCTION = YES;
				GCC_WARN_UNUSED_VARIABLE = YES;
				IPHONEOS_DEPLOYMENT_TARGET = 13.4;
				MTL_ENABLE_DEBUG_INFO = INCLUDE_SOURCE;
				MTL_FAST_MATH = YES;
				ONLY_ACTIVE_ARCH = YES;
				SDKROOT = iphoneos;
				SWIFT_ACTIVE_COMPILATION_CONDITIONS = DEBUG;
				SWIFT_OPTIMIZATION_LEVEL = "-Onone";
			};
			name = Debug;
		};
		FF8FC37D2459BEF2002A39D1 /* Release */ = {
			isa = XCBuildConfiguration;
			buildSettings = {
				ALWAYS_SEARCH_USER_PATHS = NO;
				CLANG_ANALYZER_NONNULL = YES;
				CLANG_ANALYZER_NUMBER_OBJECT_CONVERSION = YES_AGGRESSIVE;
				CLANG_CXX_LANGUAGE_STANDARD = "gnu++14";
				CLANG_CXX_LIBRARY = "libc++";
				CLANG_ENABLE_MODULES = YES;
				CLANG_ENABLE_OBJC_ARC = YES;
				CLANG_ENABLE_OBJC_WEAK = YES;
				CLANG_WARN_BLOCK_CAPTURE_AUTORELEASING = YES;
				CLANG_WARN_BOOL_CONVERSION = YES;
				CLANG_WARN_COMMA = YES;
				CLANG_WARN_CONSTANT_CONVERSION = YES;
				CLANG_WARN_DEPRECATED_OBJC_IMPLEMENTATIONS = YES;
				CLANG_WARN_DIRECT_OBJC_ISA_USAGE = YES_ERROR;
				CLANG_WARN_DOCUMENTATION_COMMENTS = YES;
				CLANG_WARN_EMPTY_BODY = YES;
				CLANG_WARN_ENUM_CONVERSION = YES;
				CLANG_WARN_INFINITE_RECURSION = YES;
				CLANG_WARN_INT_CONVERSION = YES;
				CLANG_WARN_NON_LITERAL_NULL_CONVERSION = YES;
				CLANG_WARN_OBJC_IMPLICIT_RETAIN_SELF = YES;
				CLANG_WARN_OBJC_LITERAL_CONVERSION = YES;
				CLANG_WARN_OBJC_ROOT_CLASS = YES_ERROR;
				CLANG_WARN_RANGE_LOOP_ANALYSIS = YES;
				CLANG_WARN_STRICT_PROTOTYPES = YES;
				CLANG_WARN_SUSPICIOUS_MOVE = YES;
				CLANG_WARN_UNGUARDED_AVAILABILITY = YES_AGGRESSIVE;
				CLANG_WARN_UNREACHABLE_CODE = YES;
				CLANG_WARN__DUPLICATE_METHOD_MATCH = YES;
				COPY_PHASE_STRIP = NO;
				DEBUG_INFORMATION_FORMAT = "dwarf-with-dsym";
				ENABLE_NS_ASSERTIONS = NO;
				ENABLE_STRICT_OBJC_MSGSEND = YES;
				GCC_C_LANGUAGE_STANDARD = gnu11;
				GCC_NO_COMMON_BLOCKS = YES;
				GCC_WARN_64_TO_32_BIT_CONVERSION = YES;
				GCC_WARN_ABOUT_RETURN_TYPE = YES_ERROR;
				GCC_WARN_UNDECLARED_SELECTOR = YES;
				GCC_WARN_UNINITIALIZED_AUTOS = YES_AGGRESSIVE;
				GCC_WARN_UNUSED_FUNCTION = YES;
				GCC_WARN_UNUSED_VARIABLE = YES;
				IPHONEOS_DEPLOYMENT_TARGET = 13.4;
				MTL_ENABLE_DEBUG_INFO = NO;
				MTL_FAST_MATH = YES;
				SDKROOT = iphoneos;
				SWIFT_COMPILATION_MODE = wholemodule;
				SWIFT_OPTIMIZATION_LEVEL = "-O";
				VALIDATE_PRODUCT = YES;
			};
			name = Release;
		};
		FF8FC37F2459BEF2002A39D1 /* Debug */ = {
			isa = XCBuildConfiguration;
			baseConfigurationReference = 15C5551B1BE8F13958A961E0 /* Pods-photoLibrary.debug.xcconfig */;
			buildSettings = {
				ASSETCATALOG_COMPILER_APPICON_NAME = AppIcon;
				CODE_SIGN_STYLE = Automatic;
				DEVELOPMENT_TEAM = 3L398A7UTZ;
				INFOPLIST_FILE = photoLibrary/Info.plist;
				LD_RUNPATH_SEARCH_PATHS = (
					"$(inherited)",
					"@executable_path/Frameworks",
				);
				PRODUCT_BUNDLE_IDENTIFIER = com.softsquared.ios.photoLibrary;
				PRODUCT_NAME = "$(TARGET_NAME)";
				SWIFT_VERSION = 5.0;
				TARGETED_DEVICE_FAMILY = "1,2";
			};
			name = Debug;
		};
		FF8FC3802459BEF2002A39D1 /* Release */ = {
			isa = XCBuildConfiguration;
			baseConfigurationReference = EC0B75FA6528E2227A3A583C /* Pods-photoLibrary.release.xcconfig */;
			buildSettings = {
				ASSETCATALOG_COMPILER_APPICON_NAME = AppIcon;
				CODE_SIGN_STYLE = Automatic;
				DEVELOPMENT_TEAM = 3L398A7UTZ;
				INFOPLIST_FILE = photoLibrary/Info.plist;
				LD_RUNPATH_SEARCH_PATHS = (
					"$(inherited)",
					"@executable_path/Frameworks",
				);
				PRODUCT_BUNDLE_IDENTIFIER = com.softsquared.ios.photoLibrary;
				PRODUCT_NAME = "$(TARGET_NAME)";
				SWIFT_VERSION = 5.0;
				TARGETED_DEVICE_FAMILY = "1,2";
			};
			name = Release;
		};
/* End XCBuildConfiguration section */

/* Begin XCConfigurationList section */
		FF8FC3622459BEF2002A39D1 /* Build configuration list for PBXProject "photoLibrary" */ = {
			isa = XCConfigurationList;
			buildConfigurations = (
				FF8FC37C2459BEF2002A39D1 /* Debug */,
				FF8FC37D2459BEF2002A39D1 /* Release */,
			);
			defaultConfigurationIsVisible = 0;
			defaultConfigurationName = Release;
		};
		FF8FC37E2459BEF2002A39D1 /* Build configuration list for PBXNativeTarget "photoLibrary" */ = {
			isa = XCConfigurationList;
			buildConfigurations = (
				FF8FC37F2459BEF2002A39D1 /* Debug */,
				FF8FC3802459BEF2002A39D1 /* Release */,
			);
			defaultConfigurationIsVisible = 0;
			defaultConfigurationName = Release;
		};
/* End XCConfigurationList section */

/* Begin XCVersionGroup section */
		FF8FC3732459BEF2002A39D1 /* photoLibrary.xcdatamodeld */ = {
			isa = XCVersionGroup;
			children = (
				FF8FC3742459BEF2002A39D1 /* photoLibrary.xcdatamodel */,
			);
			currentVersion = FF8FC3742459BEF2002A39D1 /* photoLibrary.xcdatamodel */;
			path = photoLibrary.xcdatamodeld;
			sourceTree = "<group>";
			versionGroupType = wrapper.xcdatamodel;
		};
/* End XCVersionGroup section */
	};
	rootObject = FF8FC35F2459BEF2002A39D1 /* Project object */;
}
